
Microsoft Visual Studio Solution File, Format Version 12.00
# Visual Studio 15
VisualStudioVersion = 15.0.27004.2005
MinimumVisualStudioVersion = 10.0.40219.1
Project("{FAE04EC0-301F-11D3-BF4B-00C04F79EFBC}") = "BitCalculator_Server", "BitCalculator_Server\BitCalculator_Server.csproj", "{2C70A567-3E30-4AE0-B135-31005049654B}"
EndProject
Global
	GlobalSection(SolutionConfigurationPlatforms) = preSolution
		Debug|Any CPU = Debug|Any CPU
		Release|Any CPU = Release|Any CPU
	EndGlobalSection
	GlobalSection(ProjectConfigurationPlatforms) = postSolution
		{2C70A567-3E30-4AE0-B135-31005049654B}.Debug|Any CPU.ActiveCfg = Debug|Any CPU
		{2C70A567-3E30-4AE0-B135-31005049654B}.Debug|Any CPU.Build.0 = Debug|Any CPU
		{2C70A567-3E30-4AE0-B135-31005049654B}.Release|Any CPU.ActiveCfg = Release|Any CPU
		{2C70A567-3E30-4AE0-B135-31005049654B}.Release|Any CPU.Build.0 = Release|Any CPU
	EndGlobalSection
	GlobalSection(SolutionProperties) = preSolution
		HideSolutionNode = FALSE
	EndGlobalSection
	GlobalSection(ExtensibilityGlobals) = postSolution
		SolutionGuid = {9A07E7B4-0D8B-489D-8748-67E4C7663675}
	EndGlobalSection
EndGlobal
