
Microsoft Visual Studio Solution File, Format Version 12.00
# Visual Studio 14
VisualStudioVersion = 14.0.25420.1
MinimumVisualStudioVersion = 10.0.40219.1
Project("{FAE04EC0-301F-11D3-BF4B-00C04F79EFBC}") = "WebAPIAvaliativa", "WebAPIAvaliativa\WebAPIAvaliativa.csproj", "{DB05E29E-B686-4E00-B8AF-E258ABAE4740}"
EndProject
Project("{FAE04EC0-301F-11D3-BF4B-00C04F79EFBC}") = "WebAPÌCliente", "WebAPÌCliente\WebAPÌCliente.csproj", "{2C3B2180-20E1-4C40-BF06-3588E813C8BF}"
EndProject
Global
	GlobalSection(SolutionConfigurationPlatforms) = preSolution
		Debug|Any CPU = Debug|Any CPU
		Release|Any CPU = Release|Any CPU
	EndGlobalSection
	GlobalSection(ProjectConfigurationPlatforms) = postSolution
		{DB05E29E-B686-4E00-B8AF-E258ABAE4740}.Debug|Any CPU.ActiveCfg = Debug|Any CPU
		{DB05E29E-B686-4E00-B8AF-E258ABAE4740}.Debug|Any CPU.Build.0 = Debug|Any CPU
		{DB05E29E-B686-4E00-B8AF-E258ABAE4740}.Release|Any CPU.ActiveCfg = Release|Any CPU
		{DB05E29E-B686-4E00-B8AF-E258ABAE4740}.Release|Any CPU.Build.0 = Release|Any CPU
		{2C3B2180-20E1-4C40-BF06-3588E813C8BF}.Debug|Any CPU.ActiveCfg = Debug|Any CPU
		{2C3B2180-20E1-4C40-BF06-3588E813C8BF}.Debug|Any CPU.Build.0 = Debug|Any CPU
		{2C3B2180-20E1-4C40-BF06-3588E813C8BF}.Release|Any CPU.ActiveCfg = Release|Any CPU
		{2C3B2180-20E1-4C40-BF06-3588E813C8BF}.Release|Any CPU.Build.0 = Release|Any CPU
	EndGlobalSection
	GlobalSection(SolutionProperties) = preSolution
		HideSolutionNode = FALSE
	EndGlobalSection
EndGlobal
